# THIS IS AN AUTOGENERATED FILE. DO NOT EDIT THIS FILE DIRECTLY.
# yarn lockfile v1


"bluebird@~3.5.3":
  "integrity" "sha512-/qKPUQlaW1OyR51WeCPBvRnAlnZFUJkCSG5HzGnuIqhgyJtF+T94lFnn33eiazjRm2LAHVy2guNnaq48X9SJuw=="
  "resolved" "https://registry.npmjs.org/bluebird/-/bluebird-3.5.3.tgz"
  "version" "3.5.3"

"debug@~4.1.0":
  "integrity" "sha512-heNPJUJIqC+xB6ayLAMHaIrmN9HKa7aQO8MGqKpvCA+uJYVcvR6l5kgdrhRuwPFHU7P5/A1w0BjByPHwpfTDKg=="
  "resolved" "https://registry.npmjs.org/debug/-/debug-4.1.0.tgz"
  "version" "4.1.0"
  dependencies:
    "ms" "^2.1.1"

"ms@^2.1.1":
  "integrity" "sha512-tgp+dl5cGk28utYktBsrFqA7HKgrhgPsg6Z/EfhWI4gl1Hwq8B/GmY/0oXZ6nF8hDVesS/FpnYaD/kOWhYQvyg=="
  "resolved" "https://registry.npmjs.org/ms/-/ms-2.1.1.tgz"
  "version" "2.1.1"

"node-fetch@^2.6.1":
  "integrity" "sha512-V4aYg89jEoVRxRb2fJdAg8FHvI7cEyYdVAh94HH0UIK8oJxUfkjlDQN9RbMx+bEjP7+ggMiFRprSti032Oipxw=="
  "resolved" "https://registry.npmjs.org/node-fetch/-/node-fetch-2.6.1.tgz"
  "version" "2.6.1"

"reconnecting-websocket@^4.4.0":
  "integrity" "sha512-D2E33ceRPga0NvTDhJmphEgJ7FUYF0v4lr1ki0csq06OdlxKfugGzN0dSkxM/NfqCxYELK4KcaTOUOjTV6Dcng=="
  "resolved" "https://registry.npmjs.org/reconnecting-websocket/-/reconnecting-websocket-4.4.0.tgz"
  "version" "4.4.0"

"ws@^7.3.1":
  "integrity" "sha512-D3RuNkynyHmEJIpD2qrgVkc9DQ23OrN/moAwZX4L8DfvszsJxpjQuUq3LMx6HoYji9fbIOBY18XWBsAux1ZZUA=="
  "resolved" "https://registry.npmjs.org/ws/-/ws-7.3.1.tgz"
  "version" "7.3.1"
